
Microsoft Visual Studio Solution File, Format Version 12.00
# Visual Studio Version 17
VisualStudioVersion = 17.3.32929.385
MinimumVisualStudioVersion = 10.0.40219.1
Project("{8BC9CEB8-8B4A-11D0-8D11-00A0C91BC942}") = "LaboratoryWork3", "LaboratoryWork3.vcxproj", "{EE154ED1-177F-47FE-BF78-B4A77F82FC60}"
EndProject
Global
	GlobalSection(SolutionConfigurationPlatforms) = preSolution
		Debug|x64 = Debug|x64
		Debug|x86 = Debug|x86
		Release|x64 = Release|x64
		Release|x86 = Release|x86
	EndGlobalSection
	GlobalSection(ProjectConfigurationPlatforms) = postSolution
		{EE154ED1-177F-47FE-BF78-B4A77F82FC60}.Debug|x64.ActiveCfg = Debug|x64
		{EE154ED1-177F-47FE-BF78-B4A77F82FC60}.Debug|x64.Build.0 = Debug|x64
		{EE154ED1-177F-47FE-BF78-B4A77F82FC60}.Debug|x86.ActiveCfg = Debug|Win32
		{EE154ED1-177F-47FE-BF78-B4A77F82FC60}.Debug|x86.Build.0 = Debug|Win32
		{EE154ED1-177F-47FE-BF78-B4A77F82FC60}.Release|x64.ActiveCfg = Release|x64
		{EE154ED1-177F-47FE-BF78-B4A77F82FC60}.Release|x64.Build.0 = Release|x64
		{EE154ED1-177F-47FE-BF78-B4A77F82FC60}.Release|x86.ActiveCfg = Release|Win32
		{EE154ED1-177F-47FE-BF78-B4A77F82FC60}.Release|x86.Build.0 = Release|Win32
	EndGlobalSection
	GlobalSection(SolutionProperties) = preSolution
		HideSolutionNode = FALSE
	EndGlobalSection
	GlobalSection(ExtensibilityGlobals) = postSolution
		SolutionGuid = {3152E940-C18A-4EEC-B6A9-82235CBEE610}
	EndGlobalSection
EndGlobal
